<?xml version="1.0" encoding="UTF-8"?>
<Project xmlns="http://schemas.microsoft.com/developer/msbuild/2003" ToolsVersion="4.0">
  <ItemGroup Label="Filters">
    <Filter Include="Source Files">
      <Extensions>cpp;c;cc;cxx;def;odl;idl;hpj;bat;asm;asmx</Extensions>
    </Filter>
    <Filter Include="Header Files">
      <Extensions>h;hpp;hxx;hm;inl;inc;xsd</Extensions>
    </Filter>
    <Filter Include="Resource Files">
      <Extensions>rc;ico;cur;bmp;dlg;rc2;rct;bin;rgs;gif;jpg;jpeg;jpe;resx;tiff;tif;png;wav</Extensions>
    </Filter>
  </ItemGroup>
  <ItemGroup Label="Sources">
    <ClCompile Include="build.gradle">
      <Filter>Source Files</Filter>
    </ClCompile>
    <ClCompile Include="src\cpp\autonomous\Autonomous.cpp">
      <Filter>Source Files</Filter>
    </ClCompile>
    <ClCompile Include="src\cpp\components\Climber.cpp">
      <Filter>Source Files</Filter>
    </ClCompile>
    <ClCompile Include="src\cpp\components\Drive.cpp">
      <Filter>Source Files</Filter>
    </ClCompile>
    <ClCompile Include="src\cpp\components\Lift.cpp">
      <Filter>Source Files</Filter>
    </ClCompile>
    <ClCompile Include="src\cpp\components\Manipulator.cpp">
      <Filter>Source Files</Filter>
    </ClCompile>
    <ClCompile Include="src\cpp\components\Ramp.cpp">
      <Filter>Source Files</Filter>
    </ClCompile>
    <ClCompile Include="src\cpp\Robot.cpp">
      <Filter>Source Files</Filter>
    </ClCompile>
  </ItemGroup>
  <ItemGroup Label="Headers">
    <ClInclude Include="src\include\autonomous\Autonomous.h">
      <Filter>Header Files</Filter>
    </ClInclude>
    <ClInclude Include="src\include\components\Climber.h">
      <Filter>Header Files</Filter>
    </ClInclude>
    <ClInclude Include="src\include\components\Drive.h">
      <Filter>Header Files</Filter>
    </ClInclude>
    <ClInclude Include="src\include\components\Lift.h">
      <Filter>Header Files</Filter>
    </ClInclude>
    <ClInclude Include="src\include\components\Manipulator.h">
      <Filter>Header Files</Filter>
    </ClInclude>
    <ClInclude Include="src\include\components\Ramp.h">
      <Filter>Header Files</Filter>
    </ClInclude>
  </ItemGroup>
</Project>
